
Microsoft Visual Studio Solution File, Format Version 12.00
# Visual Studio Version 16
VisualStudioVersion = 16.0.30907.101
MinimumVisualStudioVersion = 10.0.40219.1
Project("{FAE04EC0-301F-11D3-BF4B-00C04F79EFBC}") = "MandelbrotAppUWP", "MandelbrotAppUWP\MandelbrotAppUWP.csproj", "{BBB7899A-A8AA-4218-ADC3-71BA15670BE4}"
EndProject
Project("{FAE04EC0-301F-11D3-BF4B-00C04F79EFBC}") = "MandelbrotAppWpf", "MandelbrotAppWpf\MandelbrotAppWpf.csproj", "{04765793-5189-4145-8909-7202D88690A7}"
EndProject
Project("{FAE04EC0-301F-11D3-BF4B-00C04F79EFBC}") = "MandelbrotAppWpfNet5", "MandelbrotAppWpfNet5\MandelbrotAppWpfNet5.csproj", "{E777DE1A-EA04-4FFB-BDB6-EA1A260542C6}"
EndProject
Global
	GlobalSection(SolutionConfigurationPlatforms) = preSolution
		Debug|Any CPU = Debug|Any CPU
		Debug|ARM = Debug|ARM
		Debug|ARM64 = Debug|ARM64
		Debug|x64 = Debug|x64
		Debug|x86 = Debug|x86
		Release|Any CPU = Release|Any CPU
		Release|ARM = Release|ARM
		Release|ARM64 = Release|ARM64
		Release|x64 = Release|x64
		Release|x86 = Release|x86
	EndGlobalSection
	GlobalSection(ProjectConfigurationPlatforms) = postSolution
		{BBB7899A-A8AA-4218-ADC3-71BA15670BE4}.Debug|Any CPU.ActiveCfg = Debug|x86
		{BBB7899A-A8AA-4218-ADC3-71BA15670BE4}.Debug|ARM.ActiveCfg = Debug|ARM
		{BBB7899A-A8AA-4218-ADC3-71BA15670BE4}.Debug|ARM.Build.0 = Debug|ARM
		{BBB7899A-A8AA-4218-ADC3-71BA15670BE4}.Debug|ARM.Deploy.0 = Debug|ARM
		{BBB7899A-A8AA-4218-ADC3-71BA15670BE4}.Debug|ARM64.ActiveCfg = Debug|ARM64
		{BBB7899A-A8AA-4218-ADC3-71BA15670BE4}.Debug|ARM64.Build.0 = Debug|ARM64
		{BBB7899A-A8AA-4218-ADC3-71BA15670BE4}.Debug|ARM64.Deploy.0 = Debug|ARM64
		{BBB7899A-A8AA-4218-ADC3-71BA15670BE4}.Debug|x64.ActiveCfg = Debug|x64
		{BBB7899A-A8AA-4218-ADC3-71BA15670BE4}.Debug|x64.Build.0 = Debug|x64
		{BBB7899A-A8AA-4218-ADC3-71BA15670BE4}.Debug|x64.Deploy.0 = Debug|x64
		{BBB7899A-A8AA-4218-ADC3-71BA15670BE4}.Debug|x86.ActiveCfg = Debug|x86
		{BBB7899A-A8AA-4218-ADC3-71BA15670BE4}.Debug|x86.Build.0 = Debug|x86
		{BBB7899A-A8AA-4218-ADC3-71BA15670BE4}.Debug|x86.Deploy.0 = Debug|x86
		{BBB7899A-A8AA-4218-ADC3-71BA15670BE4}.Release|Any CPU.ActiveCfg = Release|x86
		{BBB7899A-A8AA-4218-ADC3-71BA15670BE4}.Release|ARM.ActiveCfg = Release|ARM
		{BBB7899A-A8AA-4218-ADC3-71BA15670BE4}.Release|ARM.Build.0 = Release|ARM
		{BBB7899A-A8AA-4218-ADC3-71BA15670BE4}.Release|ARM.Deploy.0 = Release|ARM
		{BBB7899A-A8AA-4218-ADC3-71BA15670BE4}.Release|ARM64.ActiveCfg = Release|ARM64
		{BBB7899A-A8AA-4218-ADC3-71BA15670BE4}.Release|ARM64.Build.0 = Release|ARM64
		{BBB7899A-A8AA-4218-ADC3-71BA15670BE4}.Release|ARM64.Deploy.0 = Release|ARM64
		{BBB7899A-A8AA-4218-ADC3-71BA15670BE4}.Release|x64.ActiveCfg = Release|x64
		{BBB7899A-A8AA-4218-ADC3-71BA15670BE4}.Release|x64.Build.0 = Release|x64
		{BBB7899A-A8AA-4218-ADC3-71BA15670BE4}.Release|x64.Deploy.0 = Release|x64
		{BBB7899A-A8AA-4218-ADC3-71BA15670BE4}.Release|x86.ActiveCfg = Release|x86
		{BBB7899A-A8AA-4218-ADC3-71BA15670BE4}.Release|x86.Build.0 = Release|x86
		{BBB7899A-A8AA-4218-ADC3-71BA15670BE4}.Release|x86.Deploy.0 = Release|x86
		{04765793-5189-4145-8909-7202D88690A7}.Debug|Any CPU.ActiveCfg = Debug|Any CPU
		{04765793-5189-4145-8909-7202D88690A7}.Debug|Any CPU.Build.0 = Debug|Any CPU
		{04765793-5189-4145-8909-7202D88690A7}.Debug|ARM.ActiveCfg = Debug|Any CPU
		{04765793-5189-4145-8909-7202D88690A7}.Debug|ARM.Build.0 = Debug|Any CPU
		{04765793-5189-4145-8909-7202D88690A7}.Debug|ARM64.ActiveCfg = Debug|Any CPU
		{04765793-5189-4145-8909-7202D88690A7}.Debug|ARM64.Build.0 = Debug|Any CPU
		{04765793-5189-4145-8909-7202D88690A7}.Debug|x64.ActiveCfg = Debug|Any CPU
		{04765793-5189-4145-8909-7202D88690A7}.Debug|x64.Build.0 = Debug|Any CPU
		{04765793-5189-4145-8909-7202D88690A7}.Debug|x86.ActiveCfg = Debug|Any CPU
		{04765793-5189-4145-8909-7202D88690A7}.Debug|x86.Build.0 = Debug|Any CPU
		{04765793-5189-4145-8909-7202D88690A7}.Release|Any CPU.ActiveCfg = Release|Any CPU
		{04765793-5189-4145-8909-7202D88690A7}.Release|Any CPU.Build.0 = Release|Any CPU
		{04765793-5189-4145-8909-7202D88690A7}.Release|ARM.ActiveCfg = Release|Any CPU
		{04765793-5189-4145-8909-7202D88690A7}.Release|ARM.Build.0 = Release|Any CPU
		{04765793-5189-4145-8909-7202D88690A7}.Release|ARM64.ActiveCfg = Release|Any CPU
		{04765793-5189-4145-8909-7202D88690A7}.Release|ARM64.Build.0 = Release|Any CPU
		{04765793-5189-4145-8909-7202D88690A7}.Release|x64.ActiveCfg = Release|Any CPU
		{04765793-5189-4145-8909-7202D88690A7}.Release|x64.Build.0 = Release|Any CPU
		{04765793-5189-4145-8909-7202D88690A7}.Release|x86.ActiveCfg = Release|Any CPU
		{04765793-5189-4145-8909-7202D88690A7}.Release|x86.Build.0 = Release|Any CPU
		{E777DE1A-EA04-4FFB-BDB6-EA1A260542C6}.Debug|Any CPU.ActiveCfg = Debug|Any CPU
		{E777DE1A-EA04-4FFB-BDB6-EA1A260542C6}.Debug|Any CPU.Build.0 = Debug|Any CPU
		{E777DE1A-EA04-4FFB-BDB6-EA1A260542C6}.Debug|ARM.ActiveCfg = Debug|Any CPU
		{E777DE1A-EA04-4FFB-BDB6-EA1A260542C6}.Debug|ARM.Build.0 = Debug|Any CPU
		{E777DE1A-EA04-4FFB-BDB6-EA1A260542C6}.Debug|ARM64.ActiveCfg = Debug|Any CPU
		{E777DE1A-EA04-4FFB-BDB6-EA1A260542C6}.Debug|ARM64.Build.0 = Debug|Any CPU
		{E777DE1A-EA04-4FFB-BDB6-EA1A260542C6}.Debug|x64.ActiveCfg = Debug|Any CPU
		{E777DE1A-EA04-4FFB-BDB6-EA1A260542C6}.Debug|x64.Build.0 = Debug|Any CPU
		{E777DE1A-EA04-4FFB-BDB6-EA1A260542C6}.Debug|x86.ActiveCfg = Debug|Any CPU
		{E777DE1A-EA04-4FFB-BDB6-EA1A260542C6}.Debug|x86.Build.0 = Debug|Any CPU
		{E777DE1A-EA04-4FFB-BDB6-EA1A260542C6}.Release|Any CPU.ActiveCfg = Release|Any CPU
		{E777DE1A-EA04-4FFB-BDB6-EA1A260542C6}.Release|Any CPU.Build.0 = Release|Any CPU
		{E777DE1A-EA04-4FFB-BDB6-EA1A260542C6}.Release|ARM.ActiveCfg = Release|Any CPU
		{E777DE1A-EA04-4FFB-BDB6-EA1A260542C6}.Release|ARM.Build.0 = Release|Any CPU
		{E777DE1A-EA04-4FFB-BDB6-EA1A260542C6}.Release|ARM64.ActiveCfg = Release|Any CPU
		{E777DE1A-EA04-4FFB-BDB6-EA1A260542C6}.Release|ARM64.Build.0 = Release|Any CPU
		{E777DE1A-EA04-4FFB-BDB6-EA1A260542C6}.Release|x64.ActiveCfg = Release|Any CPU
		{E777DE1A-EA04-4FFB-BDB6-EA1A260542C6}.Release|x64.Build.0 = Release|Any CPU
		{E777DE1A-EA04-4FFB-BDB6-EA1A260542C6}.Release|x86.ActiveCfg = Release|Any CPU
		{E777DE1A-EA04-4FFB-BDB6-EA1A260542C6}.Release|x86.Build.0 = Release|Any CPU
	EndGlobalSection
	GlobalSection(SolutionProperties) = preSolution
		HideSolutionNode = FALSE
	EndGlobalSection
	GlobalSection(ExtensibilityGlobals) = postSolution
		SolutionGuid = {8C16D3DD-83B9-4A0B-9FB3-3B1F146309A9}
	EndGlobalSection
EndGlobal
